
Microsoft Visual Studio Solution File, Format Version 12.00
# Visual Studio 15
VisualStudioVersion = 15.0.26124.0
MinimumVisualStudioVersion = 15.0.26124.0
Project("{2150E333-8FDC-42A3-9474-1A3956D46DE8}") = "src", "src", "{DF0934F4-7417-4C87-8F90-142A05E16F39}"
EndProject
Project("{FAE04EC0-301F-11D3-BF4B-00C04F79EFBC}") = "Api", "src\Api\Api.csproj", "{5909951B-F0D9-4F91-B775-827038990F14}"
EndProject
Project("{FAE04EC0-301F-11D3-BF4B-00C04F79EFBC}") = "Client", "src\Client\Client.csproj", "{C3ED2BA7-165C-446F-8B76-0584C31BCD9D}"
EndProject
Global
	GlobalSection(SolutionConfigurationPlatforms) = preSolution
		Debug|Any CPU = Debug|Any CPU
		Debug|x64 = Debug|x64
		Debug|x86 = Debug|x86
		Release|Any CPU = Release|Any CPU
		Release|x64 = Release|x64
		Release|x86 = Release|x86
	EndGlobalSection
	GlobalSection(SolutionProperties) = preSolution
		HideSolutionNode = FALSE
	EndGlobalSection
	GlobalSection(ProjectConfigurationPlatforms) = postSolution
		{5909951B-F0D9-4F91-B775-827038990F14}.Debug|Any CPU.ActiveCfg = Debug|Any CPU
		{5909951B-F0D9-4F91-B775-827038990F14}.Debug|Any CPU.Build.0 = Debug|Any CPU
		{5909951B-F0D9-4F91-B775-827038990F14}.Debug|x64.ActiveCfg = Debug|Any CPU
		{5909951B-F0D9-4F91-B775-827038990F14}.Debug|x64.Build.0 = Debug|Any CPU
		{5909951B-F0D9-4F91-B775-827038990F14}.Debug|x86.ActiveCfg = Debug|Any CPU
		{5909951B-F0D9-4F91-B775-827038990F14}.Debug|x86.Build.0 = Debug|Any CPU
		{5909951B-F0D9-4F91-B775-827038990F14}.Release|Any CPU.ActiveCfg = Release|Any CPU
		{5909951B-F0D9-4F91-B775-827038990F14}.Release|Any CPU.Build.0 = Release|Any CPU
		{5909951B-F0D9-4F91-B775-827038990F14}.Release|x64.ActiveCfg = Release|Any CPU
		{5909951B-F0D9-4F91-B775-827038990F14}.Release|x64.Build.0 = Release|Any CPU
		{5909951B-F0D9-4F91-B775-827038990F14}.Release|x86.ActiveCfg = Release|Any CPU
		{5909951B-F0D9-4F91-B775-827038990F14}.Release|x86.Build.0 = Release|Any CPU
		{C3ED2BA7-165C-446F-8B76-0584C31BCD9D}.Debug|Any CPU.ActiveCfg = Debug|Any CPU
		{C3ED2BA7-165C-446F-8B76-0584C31BCD9D}.Debug|Any CPU.Build.0 = Debug|Any CPU
		{C3ED2BA7-165C-446F-8B76-0584C31BCD9D}.Debug|x64.ActiveCfg = Debug|Any CPU
		{C3ED2BA7-165C-446F-8B76-0584C31BCD9D}.Debug|x64.Build.0 = Debug|Any CPU
		{C3ED2BA7-165C-446F-8B76-0584C31BCD9D}.Debug|x86.ActiveCfg = Debug|Any CPU
		{C3ED2BA7-165C-446F-8B76-0584C31BCD9D}.Debug|x86.Build.0 = Debug|Any CPU
		{C3ED2BA7-165C-446F-8B76-0584C31BCD9D}.Release|Any CPU.ActiveCfg = Release|Any CPU
		{C3ED2BA7-165C-446F-8B76-0584C31BCD9D}.Release|Any CPU.Build.0 = Release|Any CPU
		{C3ED2BA7-165C-446F-8B76-0584C31BCD9D}.Release|x64.ActiveCfg = Release|Any CPU
		{C3ED2BA7-165C-446F-8B76-0584C31BCD9D}.Release|x64.Build.0 = Release|Any CPU
		{C3ED2BA7-165C-446F-8B76-0584C31BCD9D}.Release|x86.ActiveCfg = Release|Any CPU
		{C3ED2BA7-165C-446F-8B76-0584C31BCD9D}.Release|x86.Build.0 = Release|Any CPU
	EndGlobalSection
	GlobalSection(NestedProjects) = preSolution
		{5909951B-F0D9-4F91-B775-827038990F14} = {DF0934F4-7417-4C87-8F90-142A05E16F39}
		{C3ED2BA7-165C-446F-8B76-0584C31BCD9D} = {DF0934F4-7417-4C87-8F90-142A05E16F39}
	EndGlobalSection
EndGlobal
